
Microsoft Visual Studio Solution File, Format Version 12.00
# Visual Studio 15
VisualStudioVersion = 15.0.26127.0
MinimumVisualStudioVersion = 10.0.40219.1
Project("{FAE04EC0-301F-11D3-BF4B-00C04F79EFBC}") = "GitHubJobs.Android", "GitHubJobs.Android\GitHubJobs.Android.csproj", "{FDCC1DDC-C342-4F36-A7F4-656D31F10D09}"
EndProject
Project("{FAE04EC0-301F-11D3-BF4B-00C04F79EFBC}") = "GitHubJobs.iPhone", "GitHubJobs.iPhone\GitHubJobs.iPhone.csproj", "{8283208A-09B1-4077-A6E9-D5FC55676C08}"
EndProject
Project("{FAE04EC0-301F-11D3-BF4B-00C04F79EFBC}") = "Core", "Core\Core.csproj", "{16363683-3A3F-422E-9A49-E22BBE933550}"
EndProject
Project("{FAE04EC0-301F-11D3-BF4B-00C04F79EFBC}") = "MugenMvvmToolkit.Core(NetStandard)", "Mvvm\Core\MugenMvvmToolkit.Core(NetStandard)\MugenMvvmToolkit.Core(NetStandard).csproj", "{F4323E9E-1608-429B-83DC-6A3670761850}"
EndProject
Global
	GlobalSection(SolutionConfigurationPlatforms) = preSolution
		Ad-Hoc|Any CPU = Ad-Hoc|Any CPU
		Ad-Hoc|iPhone = Ad-Hoc|iPhone
		Ad-Hoc|iPhoneSimulator = Ad-Hoc|iPhoneSimulator
		Ad-Hoc|x64 = Ad-Hoc|x64
		Ad-Hoc|x86 = Ad-Hoc|x86
		AppStore|Any CPU = AppStore|Any CPU
		AppStore|iPhone = AppStore|iPhone
		AppStore|iPhoneSimulator = AppStore|iPhoneSimulator
		AppStore|x64 = AppStore|x64
		AppStore|x86 = AppStore|x86
		Debug|Any CPU = Debug|Any CPU
		Debug|iPhone = Debug|iPhone
		Debug|iPhoneSimulator = Debug|iPhoneSimulator
		Debug|x64 = Debug|x64
		Debug|x86 = Debug|x86
		Release|Any CPU = Release|Any CPU
		Release|iPhone = Release|iPhone
		Release|iPhoneSimulator = Release|iPhoneSimulator
		Release|x64 = Release|x64
		Release|x86 = Release|x86
	EndGlobalSection
	GlobalSection(ProjectConfigurationPlatforms) = postSolution
		{FDCC1DDC-C342-4F36-A7F4-656D31F10D09}.Ad-Hoc|Any CPU.ActiveCfg = Release|Any CPU
		{FDCC1DDC-C342-4F36-A7F4-656D31F10D09}.Ad-Hoc|Any CPU.Build.0 = Release|Any CPU
		{FDCC1DDC-C342-4F36-A7F4-656D31F10D09}.Ad-Hoc|Any CPU.Deploy.0 = Release|Any CPU
		{FDCC1DDC-C342-4F36-A7F4-656D31F10D09}.Ad-Hoc|iPhone.ActiveCfg = Release|Any CPU
		{FDCC1DDC-C342-4F36-A7F4-656D31F10D09}.Ad-Hoc|iPhone.Build.0 = Release|Any CPU
		{FDCC1DDC-C342-4F36-A7F4-656D31F10D09}.Ad-Hoc|iPhone.Deploy.0 = Release|Any CPU
		{FDCC1DDC-C342-4F36-A7F4-656D31F10D09}.Ad-Hoc|iPhoneSimulator.ActiveCfg = Release|Any CPU
		{FDCC1DDC-C342-4F36-A7F4-656D31F10D09}.Ad-Hoc|iPhoneSimulator.Build.0 = Release|Any CPU
		{FDCC1DDC-C342-4F36-A7F4-656D31F10D09}.Ad-Hoc|iPhoneSimulator.Deploy.0 = Release|Any CPU
		{FDCC1DDC-C342-4F36-A7F4-656D31F10D09}.Ad-Hoc|x64.ActiveCfg = Release|Any CPU
		{FDCC1DDC-C342-4F36-A7F4-656D31F10D09}.Ad-Hoc|x64.Build.0 = Release|Any CPU
		{FDCC1DDC-C342-4F36-A7F4-656D31F10D09}.Ad-Hoc|x64.Deploy.0 = Release|Any CPU
		{FDCC1DDC-C342-4F36-A7F4-656D31F10D09}.Ad-Hoc|x86.ActiveCfg = Release|Any CPU
		{FDCC1DDC-C342-4F36-A7F4-656D31F10D09}.Ad-Hoc|x86.Build.0 = Release|Any CPU
		{FDCC1DDC-C342-4F36-A7F4-656D31F10D09}.Ad-Hoc|x86.Deploy.0 = Release|Any CPU
		{FDCC1DDC-C342-4F36-A7F4-656D31F10D09}.AppStore|Any CPU.ActiveCfg = Release|Any CPU
		{FDCC1DDC-C342-4F36-A7F4-656D31F10D09}.AppStore|Any CPU.Build.0 = Release|Any CPU
		{FDCC1DDC-C342-4F36-A7F4-656D31F10D09}.AppStore|Any CPU.Deploy.0 = Release|Any CPU
		{FDCC1DDC-C342-4F36-A7F4-656D31F10D09}.AppStore|iPhone.ActiveCfg = Release|Any CPU
		{FDCC1DDC-C342-4F36-A7F4-656D31F10D09}.AppStore|iPhone.Build.0 = Release|Any CPU
		{FDCC1DDC-C342-4F36-A7F4-656D31F10D09}.AppStore|iPhone.Deploy.0 = Release|Any CPU
		{FDCC1DDC-C342-4F36-A7F4-656D31F10D09}.AppStore|iPhoneSimulator.ActiveCfg = Release|Any CPU
		{FDCC1DDC-C342-4F36-A7F4-656D31F10D09}.AppStore|iPhoneSimulator.Build.0 = Release|Any CPU
		{FDCC1DDC-C342-4F36-A7F4-656D31F10D09}.AppStore|iPhoneSimulator.Deploy.0 = Release|Any CPU
		{FDCC1DDC-C342-4F36-A7F4-656D31F10D09}.AppStore|x64.ActiveCfg = Release|Any CPU
		{FDCC1DDC-C342-4F36-A7F4-656D31F10D09}.AppStore|x64.Build.0 = Release|Any CPU
		{FDCC1DDC-C342-4F36-A7F4-656D31F10D09}.AppStore|x64.Deploy.0 = Release|Any CPU
		{FDCC1DDC-C342-4F36-A7F4-656D31F10D09}.AppStore|x86.ActiveCfg = Release|Any CPU
		{FDCC1DDC-C342-4F36-A7F4-656D31F10D09}.AppStore|x86.Build.0 = Release|Any CPU
		{FDCC1DDC-C342-4F36-A7F4-656D31F10D09}.AppStore|x86.Deploy.0 = Release|Any CPU
		{FDCC1DDC-C342-4F36-A7F4-656D31F10D09}.Debug|Any CPU.ActiveCfg = Debug|Any CPU
		{FDCC1DDC-C342-4F36-A7F4-656D31F10D09}.Debug|Any CPU.Build.0 = Debug|Any CPU
		{FDCC1DDC-C342-4F36-A7F4-656D31F10D09}.Debug|Any CPU.Deploy.0 = Debug|Any CPU
		{FDCC1DDC-C342-4F36-A7F4-656D31F10D09}.Debug|iPhone.ActiveCfg = Debug|Any CPU
		{FDCC1DDC-C342-4F36-A7F4-656D31F10D09}.Debug|iPhone.Build.0 = Debug|Any CPU
		{FDCC1DDC-C342-4F36-A7F4-656D31F10D09}.Debug|iPhone.Deploy.0 = Debug|Any CPU
		{FDCC1DDC-C342-4F36-A7F4-656D31F10D09}.Debug|iPhoneSimulator.ActiveCfg = Debug|Any CPU
		{FDCC1DDC-C342-4F36-A7F4-656D31F10D09}.Debug|iPhoneSimulator.Build.0 = Debug|Any CPU
		{FDCC1DDC-C342-4F36-A7F4-656D31F10D09}.Debug|iPhoneSimulator.Deploy.0 = Debug|Any CPU
		{FDCC1DDC-C342-4F36-A7F4-656D31F10D09}.Debug|x64.ActiveCfg = Debug|Any CPU
		{FDCC1DDC-C342-4F36-A7F4-656D31F10D09}.Debug|x64.Build.0 = Debug|Any CPU
		{FDCC1DDC-C342-4F36-A7F4-656D31F10D09}.Debug|x64.Deploy.0 = Debug|Any CPU
		{FDCC1DDC-C342-4F36-A7F4-656D31F10D09}.Debug|x86.ActiveCfg = Debug|Any CPU
		{FDCC1DDC-C342-4F36-A7F4-656D31F10D09}.Debug|x86.Build.0 = Debug|Any CPU
		{FDCC1DDC-C342-4F36-A7F4-656D31F10D09}.Debug|x86.Deploy.0 = Debug|Any CPU
		{FDCC1DDC-C342-4F36-A7F4-656D31F10D09}.Release|Any CPU.ActiveCfg = Release|Any CPU
		{FDCC1DDC-C342-4F36-A7F4-656D31F10D09}.Release|Any CPU.Build.0 = Release|Any CPU
		{FDCC1DDC-C342-4F36-A7F4-656D31F10D09}.Release|Any CPU.Deploy.0 = Release|Any CPU
		{FDCC1DDC-C342-4F36-A7F4-656D31F10D09}.Release|iPhone.ActiveCfg = Release|Any CPU
		{FDCC1DDC-C342-4F36-A7F4-656D31F10D09}.Release|iPhone.Build.0 = Release|Any CPU
		{FDCC1DDC-C342-4F36-A7F4-656D31F10D09}.Release|iPhone.Deploy.0 = Release|Any CPU
		{FDCC1DDC-C342-4F36-A7F4-656D31F10D09}.Release|iPhoneSimulator.ActiveCfg = Release|Any CPU
		{FDCC1DDC-C342-4F36-A7F4-656D31F10D09}.Release|iPhoneSimulator.Build.0 = Release|Any CPU
		{FDCC1DDC-C342-4F36-A7F4-656D31F10D09}.Release|iPhoneSimulator.Deploy.0 = Release|Any CPU
		{FDCC1DDC-C342-4F36-A7F4-656D31F10D09}.Release|x64.ActiveCfg = Release|Any CPU
		{FDCC1DDC-C342-4F36-A7F4-656D31F10D09}.Release|x64.Build.0 = Release|Any CPU
		{FDCC1DDC-C342-4F36-A7F4-656D31F10D09}.Release|x64.Deploy.0 = Release|Any CPU
		{FDCC1DDC-C342-4F36-A7F4-656D31F10D09}.Release|x86.ActiveCfg = Release|Any CPU
		{FDCC1DDC-C342-4F36-A7F4-656D31F10D09}.Release|x86.Build.0 = Release|Any CPU
		{FDCC1DDC-C342-4F36-A7F4-656D31F10D09}.Release|x86.Deploy.0 = Release|Any CPU
		{8283208A-09B1-4077-A6E9-D5FC55676C08}.Ad-Hoc|Any CPU.ActiveCfg = Ad-Hoc|iPhone
		{8283208A-09B1-4077-A6E9-D5FC55676C08}.Ad-Hoc|iPhone.ActiveCfg = Ad-Hoc|iPhone
		{8283208A-09B1-4077-A6E9-D5FC55676C08}.Ad-Hoc|iPhone.Build.0 = Ad-Hoc|iPhone
		{8283208A-09B1-4077-A6E9-D5FC55676C08}.Ad-Hoc|iPhoneSimulator.ActiveCfg = Ad-Hoc|iPhoneSimulator
		{8283208A-09B1-4077-A6E9-D5FC55676C08}.Ad-Hoc|iPhoneSimulator.Build.0 = Ad-Hoc|iPhoneSimulator
		{8283208A-09B1-4077-A6E9-D5FC55676C08}.Ad-Hoc|x64.ActiveCfg = Ad-Hoc|iPhone
		{8283208A-09B1-4077-A6E9-D5FC55676C08}.Ad-Hoc|x86.ActiveCfg = Ad-Hoc|iPhone
		{8283208A-09B1-4077-A6E9-D5FC55676C08}.AppStore|Any CPU.ActiveCfg = AppStore|iPhone
		{8283208A-09B1-4077-A6E9-D5FC55676C08}.AppStore|iPhone.ActiveCfg = AppStore|iPhone
		{8283208A-09B1-4077-A6E9-D5FC55676C08}.AppStore|iPhone.Build.0 = AppStore|iPhone
		{8283208A-09B1-4077-A6E9-D5FC55676C08}.AppStore|iPhoneSimulator.ActiveCfg = AppStore|iPhoneSimulator
		{8283208A-09B1-4077-A6E9-D5FC55676C08}.AppStore|iPhoneSimulator.Build.0 = AppStore|iPhoneSimulator
		{8283208A-09B1-4077-A6E9-D5FC55676C08}.AppStore|x64.ActiveCfg = AppStore|iPhone
		{8283208A-09B1-4077-A6E9-D5FC55676C08}.AppStore|x86.ActiveCfg = AppStore|iPhone
		{8283208A-09B1-4077-A6E9-D5FC55676C08}.Debug|Any CPU.ActiveCfg = Debug|iPhone
		{8283208A-09B1-4077-A6E9-D5FC55676C08}.Debug|iPhone.ActiveCfg = Debug|iPhone
		{8283208A-09B1-4077-A6E9-D5FC55676C08}.Debug|iPhone.Build.0 = Debug|iPhone
		{8283208A-09B1-4077-A6E9-D5FC55676C08}.Debug|iPhoneSimulator.ActiveCfg = Debug|iPhoneSimulator
		{8283208A-09B1-4077-A6E9-D5FC55676C08}.Debug|iPhoneSimulator.Build.0 = Debug|iPhoneSimulator
		{8283208A-09B1-4077-A6E9-D5FC55676C08}.Debug|x64.ActiveCfg = Debug|iPhone
		{8283208A-09B1-4077-A6E9-D5FC55676C08}.Debug|x86.ActiveCfg = Debug|iPhone
		{8283208A-09B1-4077-A6E9-D5FC55676C08}.Release|Any CPU.ActiveCfg = Release|iPhone
		{8283208A-09B1-4077-A6E9-D5FC55676C08}.Release|iPhone.ActiveCfg = Release|iPhone
		{8283208A-09B1-4077-A6E9-D5FC55676C08}.Release|iPhone.Build.0 = Release|iPhone
		{8283208A-09B1-4077-A6E9-D5FC55676C08}.Release|iPhoneSimulator.ActiveCfg = Release|iPhoneSimulator
		{8283208A-09B1-4077-A6E9-D5FC55676C08}.Release|iPhoneSimulator.Build.0 = Release|iPhoneSimulator
		{8283208A-09B1-4077-A6E9-D5FC55676C08}.Release|x64.ActiveCfg = Release|iPhone
		{8283208A-09B1-4077-A6E9-D5FC55676C08}.Release|x86.ActiveCfg = Release|iPhone
		{16363683-3A3F-422E-9A49-E22BBE933550}.Ad-Hoc|Any CPU.ActiveCfg = Debug|Any CPU
		{16363683-3A3F-422E-9A49-E22BBE933550}.Ad-Hoc|Any CPU.Build.0 = Debug|Any CPU
		{16363683-3A3F-422E-9A49-E22BBE933550}.Ad-Hoc|iPhone.ActiveCfg = Debug|Any CPU
		{16363683-3A3F-422E-9A49-E22BBE933550}.Ad-Hoc|iPhone.Build.0 = Debug|Any CPU
		{16363683-3A3F-422E-9A49-E22BBE933550}.Ad-Hoc|iPhoneSimulator.ActiveCfg = Debug|Any CPU
		{16363683-3A3F-422E-9A49-E22BBE933550}.Ad-Hoc|iPhoneSimulator.Build.0 = Debug|Any CPU
		{16363683-3A3F-422E-9A49-E22BBE933550}.Ad-Hoc|x64.ActiveCfg = Release|x64
		{16363683-3A3F-422E-9A49-E22BBE933550}.Ad-Hoc|x64.Build.0 = Release|x64
		{16363683-3A3F-422E-9A49-E22BBE933550}.Ad-Hoc|x86.ActiveCfg = Release|x86
		{16363683-3A3F-422E-9A49-E22BBE933550}.Ad-Hoc|x86.Build.0 = Release|x86
		{16363683-3A3F-422E-9A49-E22BBE933550}.AppStore|Any CPU.ActiveCfg = Debug|Any CPU
		{16363683-3A3F-422E-9A49-E22BBE933550}.AppStore|Any CPU.Build.0 = Debug|Any CPU
		{16363683-3A3F-422E-9A49-E22BBE933550}.AppStore|iPhone.ActiveCfg = Debug|Any CPU
		{16363683-3A3F-422E-9A49-E22BBE933550}.AppStore|iPhone.Build.0 = Debug|Any CPU
		{16363683-3A3F-422E-9A49-E22BBE933550}.AppStore|iPhoneSimulator.ActiveCfg = Debug|Any CPU
		{16363683-3A3F-422E-9A49-E22BBE933550}.AppStore|iPhoneSimulator.Build.0 = Debug|Any CPU
		{16363683-3A3F-422E-9A49-E22BBE933550}.AppStore|x64.ActiveCfg = Release|x64
		{16363683-3A3F-422E-9A49-E22BBE933550}.AppStore|x64.Build.0 = Release|x64
		{16363683-3A3F-422E-9A49-E22BBE933550}.AppStore|x86.ActiveCfg = Release|x86
		{16363683-3A3F-422E-9A49-E22BBE933550}.AppStore|x86.Build.0 = Release|x86
		{16363683-3A3F-422E-9A49-E22BBE933550}.Debug|Any CPU.ActiveCfg = Debug|Any CPU
		{16363683-3A3F-422E-9A49-E22BBE933550}.Debug|Any CPU.Build.0 = Debug|Any CPU
		{16363683-3A3F-422E-9A49-E22BBE933550}.Debug|iPhone.ActiveCfg = Debug|Any CPU
		{16363683-3A3F-422E-9A49-E22BBE933550}.Debug|iPhone.Build.0 = Debug|Any CPU
		{16363683-3A3F-422E-9A49-E22BBE933550}.Debug|iPhoneSimulator.ActiveCfg = Debug|Any CPU
		{16363683-3A3F-422E-9A49-E22BBE933550}.Debug|iPhoneSimulator.Build.0 = Debug|Any CPU
		{16363683-3A3F-422E-9A49-E22BBE933550}.Debug|x64.ActiveCfg = Debug|x64
		{16363683-3A3F-422E-9A49-E22BBE933550}.Debug|x64.Build.0 = Debug|x64
		{16363683-3A3F-422E-9A49-E22BBE933550}.Debug|x86.ActiveCfg = Debug|x86
		{16363683-3A3F-422E-9A49-E22BBE933550}.Debug|x86.Build.0 = Debug|x86
		{16363683-3A3F-422E-9A49-E22BBE933550}.Release|Any CPU.ActiveCfg = Release|Any CPU
		{16363683-3A3F-422E-9A49-E22BBE933550}.Release|Any CPU.Build.0 = Release|Any CPU
		{16363683-3A3F-422E-9A49-E22BBE933550}.Release|iPhone.ActiveCfg = Release|Any CPU
		{16363683-3A3F-422E-9A49-E22BBE933550}.Release|iPhone.Build.0 = Release|Any CPU
		{16363683-3A3F-422E-9A49-E22BBE933550}.Release|iPhoneSimulator.ActiveCfg = Release|Any CPU
		{16363683-3A3F-422E-9A49-E22BBE933550}.Release|iPhoneSimulator.Build.0 = Release|Any CPU
		{16363683-3A3F-422E-9A49-E22BBE933550}.Release|x64.ActiveCfg = Release|x64
		{16363683-3A3F-422E-9A49-E22BBE933550}.Release|x64.Build.0 = Release|x64
		{16363683-3A3F-422E-9A49-E22BBE933550}.Release|x86.ActiveCfg = Release|x86
		{16363683-3A3F-422E-9A49-E22BBE933550}.Release|x86.Build.0 = Release|x86
		{F4323E9E-1608-429B-83DC-6A3670761850}.Ad-Hoc|Any CPU.ActiveCfg = Release|Any CPU
		{F4323E9E-1608-429B-83DC-6A3670761850}.Ad-Hoc|Any CPU.Build.0 = Release|Any CPU
		{F4323E9E-1608-429B-83DC-6A3670761850}.Ad-Hoc|iPhone.ActiveCfg = Release|Any CPU
		{F4323E9E-1608-429B-83DC-6A3670761850}.Ad-Hoc|iPhone.Build.0 = Release|Any CPU
		{F4323E9E-1608-429B-83DC-6A3670761850}.Ad-Hoc|iPhoneSimulator.ActiveCfg = Release|Any CPU
		{F4323E9E-1608-429B-83DC-6A3670761850}.Ad-Hoc|iPhoneSimulator.Build.0 = Release|Any CPU
		{F4323E9E-1608-429B-83DC-6A3670761850}.Ad-Hoc|x64.ActiveCfg = Release|Any CPU
		{F4323E9E-1608-429B-83DC-6A3670761850}.Ad-Hoc|x64.Build.0 = Release|Any CPU
		{F4323E9E-1608-429B-83DC-6A3670761850}.Ad-Hoc|x86.ActiveCfg = Release|Any CPU
		{F4323E9E-1608-429B-83DC-6A3670761850}.Ad-Hoc|x86.Build.0 = Release|Any CPU
		{F4323E9E-1608-429B-83DC-6A3670761850}.AppStore|Any CPU.ActiveCfg = Release|Any CPU
		{F4323E9E-1608-429B-83DC-6A3670761850}.AppStore|Any CPU.Build.0 = Release|Any CPU
		{F4323E9E-1608-429B-83DC-6A3670761850}.AppStore|iPhone.ActiveCfg = Release|Any CPU
		{F4323E9E-1608-429B-83DC-6A3670761850}.AppStore|iPhone.Build.0 = Release|Any CPU
		{F4323E9E-1608-429B-83DC-6A3670761850}.AppStore|iPhoneSimulator.ActiveCfg = Release|Any CPU
		{F4323E9E-1608-429B-83DC-6A3670761850}.AppStore|iPhoneSimulator.Build.0 = Release|Any CPU
		{F4323E9E-1608-429B-83DC-6A3670761850}.AppStore|x64.ActiveCfg = Release|Any CPU
		{F4323E9E-1608-429B-83DC-6A3670761850}.AppStore|x64.Build.0 = Release|Any CPU
		{F4323E9E-1608-429B-83DC-6A3670761850}.AppStore|x86.ActiveCfg = Release|Any CPU
		{F4323E9E-1608-429B-83DC-6A3670761850}.AppStore|x86.Build.0 = Release|Any CPU
		{F4323E9E-1608-429B-83DC-6A3670761850}.Debug|Any CPU.ActiveCfg = Debug|Any CPU
		{F4323E9E-1608-429B-83DC-6A3670761850}.Debug|Any CPU.Build.0 = Debug|Any CPU
		{F4323E9E-1608-429B-83DC-6A3670761850}.Debug|iPhone.ActiveCfg = Debug|Any CPU
		{F4323E9E-1608-429B-83DC-6A3670761850}.Debug|iPhone.Build.0 = Debug|Any CPU
		{F4323E9E-1608-429B-83DC-6A3670761850}.Debug|iPhoneSimulator.ActiveCfg = Debug|Any CPU
		{F4323E9E-1608-429B-83DC-6A3670761850}.Debug|iPhoneSimulator.Build.0 = Debug|Any CPU
		{F4323E9E-1608-429B-83DC-6A3670761850}.Debug|x64.ActiveCfg = Debug|Any CPU
		{F4323E9E-1608-429B-83DC-6A3670761850}.Debug|x64.Build.0 = Debug|Any CPU
		{F4323E9E-1608-429B-83DC-6A3670761850}.Debug|x86.ActiveCfg = Debug|Any CPU
		{F4323E9E-1608-429B-83DC-6A3670761850}.Debug|x86.Build.0 = Debug|Any CPU
		{F4323E9E-1608-429B-83DC-6A3670761850}.Release|Any CPU.ActiveCfg = Release|Any CPU
		{F4323E9E-1608-429B-83DC-6A3670761850}.Release|Any CPU.Build.0 = Release|Any CPU
		{F4323E9E-1608-429B-83DC-6A3670761850}.Release|iPhone.ActiveCfg = Release|Any CPU
		{F4323E9E-1608-429B-83DC-6A3670761850}.Release|iPhone.Build.0 = Release|Any CPU
		{F4323E9E-1608-429B-83DC-6A3670761850}.Release|iPhoneSimulator.ActiveCfg = Release|Any CPU
		{F4323E9E-1608-429B-83DC-6A3670761850}.Release|iPhoneSimulator.Build.0 = Release|Any CPU
		{F4323E9E-1608-429B-83DC-6A3670761850}.Release|x64.ActiveCfg = Release|Any CPU
		{F4323E9E-1608-429B-83DC-6A3670761850}.Release|x64.Build.0 = Release|Any CPU
		{F4323E9E-1608-429B-83DC-6A3670761850}.Release|x86.ActiveCfg = Release|Any CPU
		{F4323E9E-1608-429B-83DC-6A3670761850}.Release|x86.Build.0 = Release|Any CPU
	EndGlobalSection
	GlobalSection(SolutionProperties) = preSolution
		HideSolutionNode = FALSE
	EndGlobalSection
EndGlobal
